
Microsoft Visual Studio Solution File, Format Version 12.00
# Visual Studio Version 16
VisualStudioVersion = 16.0.32106.194
MinimumVisualStudioVersion = 10.0.40219.1
Project("{2150E333-8FDC-42A3-9474-1A3956D46DE8}") = "1-Web", "1-Web", "{AD991284-AE0E-47DC-90AC-616828B701C1}"
EndProject
Project("{2150E333-8FDC-42A3-9474-1A3956D46DE8}") = "2-Application", "2-Application", "{83672CBE-9AEC-4C07-BAF4-D7D3AAD7D7ED}"
EndProject
Project("{2150E333-8FDC-42A3-9474-1A3956D46DE8}") = "3-Domain", "3-Domain", "{C97DDB74-FC27-4E67-9890-7B72EC59DAD4}"
EndProject
Project("{2150E333-8FDC-42A3-9474-1A3956D46DE8}") = "4-Infra", "4-Infra", "{E05914FA-3838-4D1A-AC3E-4EDFE2B3161B}"
EndProject
Project("{9A19103F-16F7-4668-BE54-9A1E7A4F7556}") = "Template.Application", "Template.Application\Template.Application.csproj", "{C2E06310-5239-42AE-9298-DC63972D34FD}"
EndProject
Project("{9A19103F-16F7-4668-BE54-9A1E7A4F7556}") = "Template.Domain", "Template.Domain\Template.Domain.csproj", "{693B13EF-2828-44FD-9ADC-97112CE6DD64}"
EndProject
Project("{2150E333-8FDC-42A3-9474-1A3956D46DE8}") = "4.1-Data", "4.1-Data", "{B43D43AF-4E79-4926-A271-4F637B516BD8}"
EndProject
Project("{2150E333-8FDC-42A3-9474-1A3956D46DE8}") = "4.2-CrossCutting", "4.2-CrossCutting", "{EBF2A4FA-F78A-49B6-BEB8-46451651FAF6}"
EndProject
Project("{9A19103F-16F7-4668-BE54-9A1E7A4F7556}") = "Template.Data", "Template.Data\Template.Data.csproj", "{D5736033-237F-4148-8852-9A941E2DD83D}"
EndProject
Project("{FAE04EC0-301F-11D3-BF4B-00C04F79EFBC}") = "Template", "Template\Template.csproj", "{B8AC2E59-AEEF-45C8-9704-B055EBBA5A44}"
EndProject
Project("{FAE04EC0-301F-11D3-BF4B-00C04F79EFBC}") = "Template.IoC", "Template.IoC\Template.IoC.csproj", "{D13017DF-0F70-4AD7-8544-A9B9A37288C8}"
EndProject
Global
	GlobalSection(SolutionConfigurationPlatforms) = preSolution
		Debug|Any CPU = Debug|Any CPU
		Release|Any CPU = Release|Any CPU
	EndGlobalSection
	GlobalSection(ProjectConfigurationPlatforms) = postSolution
		{C2E06310-5239-42AE-9298-DC63972D34FD}.Debug|Any CPU.ActiveCfg = Debug|Any CPU
		{C2E06310-5239-42AE-9298-DC63972D34FD}.Debug|Any CPU.Build.0 = Debug|Any CPU
		{C2E06310-5239-42AE-9298-DC63972D34FD}.Release|Any CPU.ActiveCfg = Release|Any CPU
		{C2E06310-5239-42AE-9298-DC63972D34FD}.Release|Any CPU.Build.0 = Release|Any CPU
		{693B13EF-2828-44FD-9ADC-97112CE6DD64}.Debug|Any CPU.ActiveCfg = Debug|Any CPU
		{693B13EF-2828-44FD-9ADC-97112CE6DD64}.Debug|Any CPU.Build.0 = Debug|Any CPU
		{693B13EF-2828-44FD-9ADC-97112CE6DD64}.Release|Any CPU.ActiveCfg = Release|Any CPU
		{693B13EF-2828-44FD-9ADC-97112CE6DD64}.Release|Any CPU.Build.0 = Release|Any CPU
		{D5736033-237F-4148-8852-9A941E2DD83D}.Debug|Any CPU.ActiveCfg = Debug|Any CPU
		{D5736033-237F-4148-8852-9A941E2DD83D}.Debug|Any CPU.Build.0 = Debug|Any CPU
		{D5736033-237F-4148-8852-9A941E2DD83D}.Release|Any CPU.ActiveCfg = Release|Any CPU
		{D5736033-237F-4148-8852-9A941E2DD83D}.Release|Any CPU.Build.0 = Release|Any CPU
		{B8AC2E59-AEEF-45C8-9704-B055EBBA5A44}.Debug|Any CPU.ActiveCfg = Debug|Any CPU
		{B8AC2E59-AEEF-45C8-9704-B055EBBA5A44}.Debug|Any CPU.Build.0 = Debug|Any CPU
		{B8AC2E59-AEEF-45C8-9704-B055EBBA5A44}.Release|Any CPU.ActiveCfg = Release|Any CPU
		{B8AC2E59-AEEF-45C8-9704-B055EBBA5A44}.Release|Any CPU.Build.0 = Release|Any CPU
		{D13017DF-0F70-4AD7-8544-A9B9A37288C8}.Debug|Any CPU.ActiveCfg = Debug|Any CPU
		{D13017DF-0F70-4AD7-8544-A9B9A37288C8}.Debug|Any CPU.Build.0 = Debug|Any CPU
		{D13017DF-0F70-4AD7-8544-A9B9A37288C8}.Release|Any CPU.ActiveCfg = Release|Any CPU
		{D13017DF-0F70-4AD7-8544-A9B9A37288C8}.Release|Any CPU.Build.0 = Release|Any CPU
	EndGlobalSection
	GlobalSection(SolutionProperties) = preSolution
		HideSolutionNode = FALSE
	EndGlobalSection
	GlobalSection(NestedProjects) = preSolution
		{C2E06310-5239-42AE-9298-DC63972D34FD} = {83672CBE-9AEC-4C07-BAF4-D7D3AAD7D7ED}
		{693B13EF-2828-44FD-9ADC-97112CE6DD64} = {C97DDB74-FC27-4E67-9890-7B72EC59DAD4}
		{B43D43AF-4E79-4926-A271-4F637B516BD8} = {E05914FA-3838-4D1A-AC3E-4EDFE2B3161B}
		{EBF2A4FA-F78A-49B6-BEB8-46451651FAF6} = {E05914FA-3838-4D1A-AC3E-4EDFE2B3161B}
		{D5736033-237F-4148-8852-9A941E2DD83D} = {B43D43AF-4E79-4926-A271-4F637B516BD8}
		{B8AC2E59-AEEF-45C8-9704-B055EBBA5A44} = {AD991284-AE0E-47DC-90AC-616828B701C1}
		{D13017DF-0F70-4AD7-8544-A9B9A37288C8} = {EBF2A4FA-F78A-49B6-BEB8-46451651FAF6}
	EndGlobalSection
	GlobalSection(ExtensibilityGlobals) = postSolution
		SolutionGuid = {9FD07E9A-0AC4-4C82-B50F-FF9094870E77}
	EndGlobalSection
EndGlobal
